
Microsoft Visual Studio Solution File, Format Version 12.00
# Visual Studio Version 17
VisualStudioVersion = 17.9.34723.18
MinimumVisualStudioVersion = 10.0.40219.1
Project("{9A19103F-16F7-4668-BE54-9A1E7A4F7556}") = "BulkyBookWeb", "BulkyWeb\BulkyBookWeb.csproj", "{48A701E9-A04E-4699-B13C-F3C22DE277CA}"
EndProject
Project("{9A19103F-16F7-4668-BE54-9A1E7A4F7556}") = "BulkyBook.DataAccess", "Bulky.DataAccess\BulkyBook.DataAccess.csproj", "{321A2E12-090F-4B40-8BF3-864F429C0BE6}"
EndProject
Project("{9A19103F-16F7-4668-BE54-9A1E7A4F7556}") = "BulkyBook.Models", "Bulky.Models\BulkyBook.Models.csproj", "{29CE44F2-1149-469D-BFEE-29C8B8F293E8}"
EndProject
Project("{9A19103F-16F7-4668-BE54-9A1E7A4F7556}") = "BulkyBook.Utility", "Bulky.Utility\BulkyBook.Utility.csproj", "{2CE77CA7-3399-40E1-A3F1-C1C17DCF38AB}"
EndProject
Global
	GlobalSection(SolutionConfigurationPlatforms) = preSolution
		Debug|Any CPU = Debug|Any CPU
		Release|Any CPU = Release|Any CPU
	EndGlobalSection
	GlobalSection(ProjectConfigurationPlatforms) = postSolution
		{48A701E9-A04E-4699-B13C-F3C22DE277CA}.Debug|Any CPU.ActiveCfg = Debug|Any CPU
		{48A701E9-A04E-4699-B13C-F3C22DE277CA}.Debug|Any CPU.Build.0 = Debug|Any CPU
		{48A701E9-A04E-4699-B13C-F3C22DE277CA}.Release|Any CPU.ActiveCfg = Release|Any CPU
		{48A701E9-A04E-4699-B13C-F3C22DE277CA}.Release|Any CPU.Build.0 = Release|Any CPU
		{321A2E12-090F-4B40-8BF3-864F429C0BE6}.Debug|Any CPU.ActiveCfg = Debug|Any CPU
		{321A2E12-090F-4B40-8BF3-864F429C0BE6}.Debug|Any CPU.Build.0 = Debug|Any CPU
		{321A2E12-090F-4B40-8BF3-864F429C0BE6}.Release|Any CPU.ActiveCfg = Release|Any CPU
		{321A2E12-090F-4B40-8BF3-864F429C0BE6}.Release|Any CPU.Build.0 = Release|Any CPU
		{29CE44F2-1149-469D-BFEE-29C8B8F293E8}.Debug|Any CPU.ActiveCfg = Debug|Any CPU
		{29CE44F2-1149-469D-BFEE-29C8B8F293E8}.Debug|Any CPU.Build.0 = Debug|Any CPU
		{29CE44F2-1149-469D-BFEE-29C8B8F293E8}.Release|Any CPU.ActiveCfg = Release|Any CPU
		{29CE44F2-1149-469D-BFEE-29C8B8F293E8}.Release|Any CPU.Build.0 = Release|Any CPU
		{2CE77CA7-3399-40E1-A3F1-C1C17DCF38AB}.Debug|Any CPU.ActiveCfg = Debug|Any CPU
		{2CE77CA7-3399-40E1-A3F1-C1C17DCF38AB}.Debug|Any CPU.Build.0 = Debug|Any CPU
		{2CE77CA7-3399-40E1-A3F1-C1C17DCF38AB}.Release|Any CPU.ActiveCfg = Release|Any CPU
		{2CE77CA7-3399-40E1-A3F1-C1C17DCF38AB}.Release|Any CPU.Build.0 = Release|Any CPU
	EndGlobalSection
	GlobalSection(SolutionProperties) = preSolution
		HideSolutionNode = FALSE
	EndGlobalSection
	GlobalSection(ExtensibilityGlobals) = postSolution
		SolutionGuid = {D3ACFC68-B67E-4B12-9364-9897300112C5}
	EndGlobalSection
EndGlobal
